# This file was autogenerated by uv via the following command:
#    uv export --no-dev --format requirements-txt
boto3==1.42.87 \
    --hash=sha256:15cc1404b3ccbcfe17bd5834d467b1b28d53d9aca44e3798dc44876ac57362e6 \
    --hash=sha256:b5b86a826f8f12c7d38679f35bd0135807a6867a21eb8be6dea7c27aeb14ec14
    # via nyc-taxi-pipeline
botocore==1.42.87 \
    --hash=sha256:1c6cc9555c1feec50b290a42de70ba6f04826c009562c2c12bb9990d0258482d \
    --hash=sha256:32832df27c039cc1a518289afe0f6006296d3df26603b5f66e911457e67f0146
    # via
    #   boto3
    #   s3transfer
certifi==2026.2.25 \
    --hash=sha256:027692e4402ad994f1c42e52a4997a9763c646b73e4096e4d5d6db8af1d6f0fa \
    --hash=sha256:e887ab5cee78ea814d3472169153c2d12cd43b14bd03329a39a9c6e2e80bfba7
    # via requests
charset-normalizer==3.4.7 \
    --hash=sha256:03853ed82eeebbce3c2abfdbc98c96dc205f32a79627688ac9a27370ea61a49c \
    --hash=sha256:08e721811161356f97b4059a9ba7bafb23ea5ee2255402c42881c214e173c6b4 \
    --hash=sha256:0c96c3b819b5c3e9e165495db84d41914d6894d55181d2d108cc1a69bfc9cce0 \
    --hash=sha256:0ea948db76d31190bf08bd371623927ee1339d5f2a0b4b1b4a4439a65298703c \
    --hash=sha256:0f7eb884681e3938906ed0434f20c63046eacd0111c4ba96f27b76084cd679f5 \
    --hash=sha256:1a87ca9d5df6fe460483d9a5bbf2b18f620cbed41b432e2bddb686228282d10b \
    --hash=sha256:1c2a768fdd44ee4a9339a9b0b130049139b8ce3c01d2ce09f67f5a68048d477c \
    --hash=sha256:1c2aed2e5e41f24ea8ef1590b8e848a79b56f3a5564a65ceec43c9d692dc7d8a \
    --hash=sha256:202389074300232baeb53ae2569a60901f7efadd4245cf3a3bf0617d60b439d7 \
    --hash=sha256:203104ed3e428044fd943bc4bf45fa73c0730391f9621e37fe39ecf477b128cb \
    --hash=sha256:2257141f39fe65a3fdf38aeccae4b953e5f3b3324f4ff0daf9f15b8518666a2c \
    --hash=sha256:298930cec56029e05497a76988377cbd7457ba864beeea92ad7e844fe74cd1f1 \
    --hash=sha256:2d6eb928e13016cea4f1f21d1e10c1cebd5a421bc57ddf5b1142ae3f86824fab \
    --hash=sha256:2fe249cb4651fd12605b7288b24751d8bfd46d35f12a20b1ba33dea122e690df \
    --hash=sha256:30b8d1d8c52a48c2c5690e152c169b673487a2a58de1ec7393196753063fcd5e \
    --hash=sha256:3534e7dcbdcf757da6b85a0bbf5b6868786d5982dd959b065e65481644817a18 \
    --hash=sha256:38c0109396c4cfc574d502df99742a45c72c08eff0a36158b6f04000043dbf38 \
    --hash=sha256:3946fa46a0cf3e4c8cb1cc52f56bb536310d34f25f01ca9b6c16afa767dab110 \
    --hash=sha256:3bec022aec2c514d9cf199522a802bd007cd588ab17ab2525f20f9c34d067c18 \
    --hash=sha256:3c9a494bc5ec77d43cea229c4f6db1e4d8fe7e1bbffa8b6f0f0032430ff8ab44 \
    --hash=sha256:3dce51d0f5e7951f8bb4900c257dad282f49190fdbebecd4ba99bcc41fef404d \
    --hash=sha256:3dedcc22d73ec993f42055eff4fcfed9318d1eeb9a6606c55892a26964964e48 \
    --hash=sha256:4042d5c8f957e15221d423ba781e85d553722fc4113f523f2feb7b188cc34c5e \
    --hash=sha256:481551899c856c704d58119b5025793fa6730adda3571971af568f66d2424bb5 \
    --hash=sha256:4dc1e73c36828f982bfe79fadf5919923f8a6f4df2860804db9a98c48824ce8d \
    --hash=sha256:532bc9bf33a68613fd7d65e4b1c71a6a38d7d42604ecf239c77392e9b4e8998c \
    --hash=sha256:54523e136b8948060c0fa0bc7b1b50c32c186f2fceee897a495406bb6e311d2b \
    --hash=sha256:5649fd1c7bade02f320a462fdefd0b4bd3ce036065836d4f42e0de958038e116 \
    --hash=sha256:56be790f86bfb2c98fb742ce566dfb4816e5a83384616ab59c49e0604d49c51d \
    --hash=sha256:5b77459df20e08151cd6f8b9ef8ef1f961ef73d85c21a555c7eed5b79410ec10 \
    --hash=sha256:5ed6ab538499c8644b8a3e18debabcd7ce684f3fa91cf867521a7a0279cab2d6 \
    --hash=sha256:6178f72c5508bfc5fd446a5905e698c6212932f25bcdd4b47a757a50605a90e2 \
    --hash=sha256:64f02c6841d7d83f832cd97ccf8eb8a906d06eb95d5276069175c696b024b60a \
    --hash=sha256:65bcd23054beab4d166035cabbc868a09c1a49d1efe458fe8e4361215df40265 \
    --hash=sha256:67f6279d125ca0046a7fd386d01b311c6363844deac3e5b069b514ba3e63c246 \
    --hash=sha256:6c114670c45346afedc0d947faf3c7f701051d2518b943679c8ff88befe14f8e \
    --hash=sha256:708838739abf24b2ceb208d0e22403dd018faeef86ddac04319a62ae884c4f15 \
    --hash=sha256:715479b9a2802ecac752a3b0efa2b0b60285cf962ee38414211abdfccc233b41 \
    --hash=sha256:733784b6d6def852c814bce5f318d25da2ee65dd4839a0718641c696e09a2960 \
    --hash=sha256:752a45dc4a6934060b3b0dab47e04edc3326575f82be64bc4fc293914566503e \
    --hash=sha256:7579e913a5339fb8fa133f6bbcfd8e6749696206cf05acdbdca71a1b436d8e72 \
    --hash=sha256:7641bb8895e77f921102f72833904dcd9901df5d6d72a2ab8f31d04b7e51e4e7 \
    --hash=sha256:7804338df6fcc08105c7745f1502ba68d900f45fd770d5bdd5288ddccb8a42d8 \
    --hash=sha256:80d04837f55fc81da168b98de4f4b797ef007fc8a79ab71c6ec9bc4dd662b15b \
    --hash=sha256:8778f0c7a52e56f75d12dae53ae320fae900a8b9b4164b981b9c5ce059cd1fcb \
    --hash=sha256:8d828b6667a32a728a1ad1d93957cdf37489c57b97ae6c4de2860fa749b8fc1e \
    --hash=sha256:8e385e4267ab76874ae30db04c627faaaf0b509e1ccc11a95b3fc3e83f855c00 \
    --hash=sha256:92a0a01ead5e668468e952e4238cccd7c537364eb7d851ab144ab6627dbbe12f \
    --hash=sha256:a180c5e59792af262bf263b21a3c49353f25945d8d9f70628e73de370d55e1e1 \
    --hash=sha256:a277ab8928b9f299723bc1a2dabb1265911b1a76341f90a510368ca44ad9ab66 \
    --hash=sha256:a5fe03b42827c13cdccd08e6c0247b6a6d4b5e3cdc53fd1749f5896adcdc2356 \
    --hash=sha256:a89c23ef8d2c6b27fd200a42aa4ac72786e7c60d40efdc76e6011260b6e949c4 \
    --hash=sha256:adb2597b428735679446b46c8badf467b4ca5f5056aae4d51a19f9570301b1ad \
    --hash=sha256:ae196f021b5e7c78e918242d217db021ed2a6ace2bc6ae94c0fc596221c7f58d \
    --hash=sha256:ae89db9e5f98a11a4bf50407d4363e7b09b31e55bc117b4f7d80aab97ba009e5 \
    --hash=sha256:aed52fea0513bac0ccde438c188c8a471c4e0f457c2dd20cdbf6ea7a450046c7 \
    --hash=sha256:bb6d88045545b26da47aa879dd4a89a71d1dce0f0e549b1abcb31dfe4a8eac49 \
    --hash=sha256:bd6c2a1c7573c64738d716488d2cdd3c00e340e4835707d8fdb8dc1a66ef164e \
    --hash=sha256:c03a41a8784091e67a39648f70c5f97b5b6a37f216896d44d2cdcb82615339a0 \
    --hash=sha256:c35abb8bfff0185efac5878da64c45dafd2b37fb0383add1be155a763c1f083d \
    --hash=sha256:c36c333c39be2dbca264d7803333c896ab8fa7d4d6f0ab7edb7dfd7aea6e98c0 \
    --hash=sha256:c45e9440fb78f8ddabcf714b68f936737a121355bf59f3907f4e17721b9d1aae \
    --hash=sha256:ce3412fbe1e31eb81ea42f4169ed94861c56e643189e1e75f0041f3fe7020abe \
    --hash=sha256:cf1493cd8607bec4d8a7b9b004e699fcf8f9103a9284cc94962cb73d20f9d4a3 \
    --hash=sha256:d4a48e5b3c2a489fae013b7589308a40146ee081f6f509e047e0e096084ceca1 \
    --hash=sha256:d6038d37043bced98a66e68d3aa2b6a35505dc01328cd65217cefe82f25def44 \
    --hash=sha256:d635aab80466bc95771bb78d5370e74d36d1fe31467b6b29b8b57b2a3cd7d22c \
    --hash=sha256:e044c39e41b92c845bc815e5ae4230804e8e7bc29e399b0437d64222d92809dd \
    --hash=sha256:e060d01aec0a910bdccb8be71faf34e7799ce36950f8294c8bf612cba65a2c9e \
    --hash=sha256:e1421b502d83040e6d7fb2fb18dff63957f720da3d77b2fbd3187ceb63755d7b \
    --hash=sha256:e712b419df8ba5e42b226c510472b37bd57b38e897d3eca5e8cfd410a29fa859 \
    --hash=sha256:e74327fb75de8986940def6e8dee4f127cc9752bee7355bb323cc5b2659b6d46 \
    --hash=sha256:e8ac484bf18ce6975760921bb6148041faa8fef0547200386ea0b52b5d27bf7b \
    --hash=sha256:eca9705049ad3c7345d574e3510665cb2cf844c2f2dcfe675332677f081cbd46 \
    --hash=sha256:edac0f1ab77644605be2cbba52e6b7f630731fc42b34cb0f634be1a6eface56a \
    --hash=sha256:effc3f449787117233702311a1b7d8f59cba9ced946ba727bdc329ec69028e24 \
    --hash=sha256:f495a1652cf3fbab2eb0639776dad966c2fb874d79d87ca07f9d5f059b8bd215 \
    --hash=sha256:f496c9c3cc02230093d8330875c4c3cdfc3b73612a5fd921c65d39cbcef08063 \
    --hash=sha256:f59099f9b66f0d7145115e6f80dd8b1d847176df89b234a5a6b3f00437aa0832 \
    --hash=sha256:f59ad4c0e8f6bba240a9bb85504faa1ab438237199d4cce5f622761507b8f6a6 \
    --hash=sha256:fbccdc05410c9ee21bbf16a35f4c1d16123dcdeb8a1d38f33654fa21d0234f79 \
    --hash=sha256:fea24543955a6a729c45a73fe90e08c743f0b3334bbf3201e6c4bc1b0c7fa464
    # via requests
idna==3.11 \
    --hash=sha256:771a87f49d9defaf64091e6e6fe9c18d4833f140bd19464795bc32d966ca37ea \
    --hash=sha256:795dafcc9c04ed0c1fb032c2aa73654d8e8c5023a7df64a53f39190ada629902
    # via requests
jmespath==1.1.0 \
    --hash=sha256:472c87d80f36026ae83c6ddd0f1d05d4e510134ed462851fd5f754c8c3cbb88d \
    --hash=sha256:a5663118de4908c91729bea0acadca56526eb2698e83de10cd116ae0f4e97c64
    # via
    #   boto3
    #   botocore
numpy==2.4.4 \
    --hash=sha256:07077278157d02f65c43b1b26a3886bce886f95d20aabd11f87932750dfb14ed \
    --hash=sha256:08f2e31ed5e6f04b118e49821397f12767934cfdd12a1ce86a058f91e004ee50 \
    --hash=sha256:0aec54fd785890ecca25a6003fd9a5aed47ad607bbac5cd64f836ad8666f4959 \
    --hash=sha256:0d35aea54ad1d420c812bfa0385c71cd7cc5bcf7c65fed95fc2cd02fe8c79827 \
    --hash=sha256:0d4e437e295f18ec29bc79daf55e8a47a9113df44d66f702f02a293d93a2d6dd \
    --hash=sha256:0dfd3f9d3adbe2920b68b5cd3d51444e13a10792ec7154cd0a2f6e74d4ab3233 \
    --hash=sha256:1378871da56ca8943c2ba674530924bb8ca40cd228358a3b5f302ad60cf875fc \
    --hash=sha256:15716cfef24d3a9762e3acdf87e27f58dc823d1348f765bbea6bef8c639bfa1b \
    --hash=sha256:19710a9ca9992d7174e9c52f643d4272dcd1558c5f7af7f6f8190f633bd651a7 \
    --hash=sha256:23cbfd4c17357c81021f21540da84ee282b9c8fba38a03b7b9d09ba6b951421e \
    --hash=sha256:2483e4584a1cb3092da4470b38866634bafb223cbcd551ee047633fd2584599a \
    --hash=sha256:27a8d92cd10f1382a67d7cf4db7ce18341b66438bdd9f691d7b0e48d104c2a9d \
    --hash=sha256:28a650663f7314afc3e6ec620f44f333c386aad9f6fc472030865dc0ebb26ee3 \
    --hash=sha256:2aa0613a5177c264ff5921051a5719d20095ea586ca88cc802c5c218d1c67d3e \
    --hash=sha256:2c194dd721e54ecad9ad387c1d35e63dce5c4450c6dc7dd5611283dda239aabb \
    --hash=sha256:2d19e6e2095506d1736b7d80595e0f252d76b89f5e715c35e06e937679ea7d7a \
    --hash=sha256:2d390634c5182175533585cc89f3608a4682ccb173cc9bb940b2881c8d6f8fa0 \
    --hash=sha256:30caa73029a225b2d40d9fae193e008e24b2026b7ee1a867b7ee8d96ca1a448e \
    --hash=sha256:42c16925aa5a02362f986765f9ebabf20de75cdefdca827d14315c568dcab113 \
    --hash=sha256:45dbed2ab436a9e826e302fcdcbe9133f9b0006e5af7168afb8963a6520da103 \
    --hash=sha256:4636de7fd195197b7535f231b5de9e4b36d2c440b6e566d2e4e4746e6af0ca93 \
    --hash=sha256:4a19d9dba1a76618dd86b164d608566f393f8ec6ac7c44f0cc879011c45e65af \
    --hash=sha256:4bbc7f303d125971f60ec0aaad5e12c62d0d2c925f0ab1273debd0e4ba37aba5 \
    --hash=sha256:4d6d57903571f86180eb98f8f0c839fa9ebbfb031356d87f1361be91e433f5b7 \
    --hash=sha256:4e874c976154687c1f71715b034739b45c7711bec81db01914770373d125e392 \
    --hash=sha256:51fc224f7ca4d92656d5a5eb315f12eb5fe2c97a66249aa7b5f562528a3be38c \
    --hash=sha256:58c8b5929fcb8287cbd6f0a3fae19c6e03a5c48402ae792962ac465224a629a4 \
    --hash=sha256:5a285b3b96f951841799528cd1f4f01cd70e7e0204b4abebac9463eecfcf2a40 \
    --hash=sha256:5c70f1cc1c4efbe316a572e2d8b9b9cc44e89b95f79ca3331553fbb63716e2bf \
    --hash=sha256:62d6b0f03b694173f9fcb1fb317f7222fd0b0b103e784c6549f5e53a27718c44 \
    --hash=sha256:6a246d5914aa1c820c9443ddcee9c02bec3e203b0c080349533fae17727dfd1b \
    --hash=sha256:6aa3236c78803afbcb255045fbef97a9e25a1f6c9888357d205ddc42f4d6eba5 \
    --hash=sha256:6bbe4eb67390b0a0265a2c25458f6b90a409d5d069f1041e6aff1e27e3d9a79e \
    --hash=sha256:715d1c092715954784bc79e1174fc2a90093dc4dc84ea15eb14dad8abdcdeb74 \
    --hash=sha256:72944b19f2324114e9dc86a159787333b77874143efcf89a5167ef83cfee8af0 \
    --hash=sha256:81f4a14bee47aec54f883e0cad2d73986640c1590eb9bfaaba7ad17394481e6e \
    --hash=sha256:846300f379b5b12cc769334464656bc882e0735d27d9726568bc932fdc49d5ec \
    --hash=sha256:86b6f55f5a352b48d7fbfd2dbc3d5b780b2d79f4d3c121f33eb6efb22e9a2015 \
    --hash=sha256:874f200b2a981c647340f841730fc3a2b54c9d940566a3c4149099591e2c4c3d \
    --hash=sha256:8a87ec22c87be071b6bdbd27920b129b94f2fc964358ce38f3822635a3e2e03d \
    --hash=sha256:8b3b60bb7cba2c8c81837661c488637eee696f59a877788a396d33150c35d842 \
    --hash=sha256:8e3ed142f2728df44263aaf5fb1f5b0b99f4070c553a0d7f033be65338329150 \
    --hash=sha256:93e15038125dc1e5345d9b5b68aa7f996ec33b98118d18c6ca0d0b7d6198b7e8 \
    --hash=sha256:989824e9faf85f96ec9c7761cd8d29c531ad857bfa1daa930cba85baaecf1a9a \
    --hash=sha256:99d838547ace2c4aace6c4f76e879ddfe02bb58a80c1549928477862b7a6d6ed \
    --hash=sha256:9b2aec6af35c113b05695ebb5749a787acd63cafc83086a05771d1e1cd1e555f \
    --hash=sha256:9c585a1790d5436a5374bac930dad6ed244c046ed91b2b2a3634eb2971d21008 \
    --hash=sha256:a7164afb23be6e37ad90b2f10426149fd75aee07ca55653d2aa41e66c4ef697e \
    --hash=sha256:ac6b31e35612a26483e20750126d30d0941f949426974cace8e6b5c58a3657b0 \
    --hash=sha256:ad2e2ef14e0b04e544ea2fa0a36463f847f113d314aa02e5b402fdf910ef309e \
    --hash=sha256:b268594bccac7d7cf5844c7732e3f20c50921d94e36d7ec9b79e9857694b1b2f \
    --hash=sha256:b5f0362dc928a6ecd9db58868fca5e48485205e3855957bdedea308f8672ea4a \
    --hash=sha256:ba1f4fc670ed79f876f70082eff4f9583c15fb9a4b89d6188412de4d18ae2f40 \
    --hash=sha256:ba203255017337d39f89bdd58417f03c4426f12beed0440cfd933cb15f8669c7 \
    --hash=sha256:c901b15172510173f5cb310eae652908340f8dede90fff9e3bf6c0d8dfd92f83 \
    --hash=sha256:c9b39d38a9bd2ae1becd7eac1303d031c5c110ad31f2b319c6e7d98b135c934d \
    --hash=sha256:d2a8490669bfe99a233298348acc2d824d496dee0e66e31b66a6022c2ad74a5c \
    --hash=sha256:dddbbd259598d7240b18c9d87c56a9d2fb3b02fe266f49a7c101532e78c1d871 \
    --hash=sha256:df3775294accfdd75f32c74ae39fcba920c9a378a2fc18a12b6820aa8c1fb502 \
    --hash=sha256:e44319a2953c738205bf3354537979eaa3998ed673395b964c1176083dd46252 \
    --hash=sha256:e4a010c27ff6f210ff4c6ef34394cd61470d01014439b192ec22552ee867f2a8 \
    --hash=sha256:e823b8b6edc81e747526f70f71a9c0a07ac4e7ad13020aa736bb7c9d67196115 \
    --hash=sha256:e892aff75639bbef0d2a2cfd55535510df26ff92f63c92cd84ef8d4ba5a5557f \
    --hash=sha256:eea7ac5d2dce4189771cedb559c738a71512768210dc4e4753b107a2048b3d0e \
    --hash=sha256:ef4059d6e5152fa1a39f888e344c73fdc926e1b2dd58c771d67b0acfbf2aa67d \
    --hash=sha256:f169b9a863d34f5d11b8698ead99febeaa17a13ca044961aa8e2662a6c7766a0 \
    --hash=sha256:f2cf083b324a467e1ab358c105f6cad5ea950f50524668a80c486ff1db24e119 \
    --hash=sha256:f8474c4241bc18b750be2abea9d7a9ec84f46ef861dbacf86a4f6e043401f79e \
    --hash=sha256:f983334aea213c99992053ede6168500e5f086ce74fbc4acc3f2b00f5762e9db \
    --hash=sha256:f9e75681b59ddaa5e659898085ae0eaea229d054f2ac0c7e563a62205a700121 \
    --hash=sha256:fbc356aae7adf9e6336d336b9c8111d390a05df88f1805573ebb0807bd06fd1d \
    --hash=sha256:fcfe2045fd2e8f3cb0ce9d4ba6dba6333b8fa05bb8a4939c908cd43322d14c7e
    # via
    #   pandas
    #   pyarrow
pandas==3.0.2 \
    --hash=sha256:01f31a546acd5574ef77fe199bc90b55527c225c20ccda6601cf6b0fd5ed597c \
    --hash=sha256:0555c5882688a39317179ab4a0ed41d3ebc8812ab14c69364bbee8fb7a3f6288 \
    --hash=sha256:07a10f5c36512eead51bc578eb3354ad17578b22c013d89a796ab5eee90cd991 \
    --hash=sha256:08504503f7101300107ecdc8df73658e4347586db5cfdadabc1592e9d7e7a0fd \
    --hash=sha256:0f48afd9bb13300ffb5a3316973324c787054ba6665cda0da3fbd67f451995db \
    --hash=sha256:140f0cffb1fa2524e874dde5b477d9defe10780d8e9e220d259b2c0874c89d9d \
    --hash=sha256:232a70ebb568c0c4d2db4584f338c1577d81e3af63292208d615907b698a0f18 \
    --hash=sha256:32cc41f310ebd4a296d93515fcac312216adfedb1894e879303987b8f1e2b97d \
    --hash=sha256:339dda302bd8369dedeae979cb750e484d549b563c3f54f3922cb8ff4978c5eb \
    --hash=sha256:4544c7a54920de8eeacaa1466a6b7268ecfbc9bc64ab4dbb89c6bbe94d5e0660 \
    --hash=sha256:4d888a5c678a419a5bb41a2a93818e8ed9fd3172246555c0b37b7cc27027effd \
    --hash=sha256:5371b72c2d4d415d08765f32d689217a43227484e81b2305b52076e328f6f482 \
    --hash=sha256:57a07209bebcbcf768d2d13c9b78b852f9a15978dac41b9e6421a81ad4cdd276 \
    --hash=sha256:5880314e69e763d4c8b27937090de570f1fb8d027059a7ada3f7f8e98bdcb677 \
    --hash=sha256:5d3cfe227c725b1f3dff4278b43d8c784656a42a9325b63af6b1492a8232209e \
    --hash=sha256:5fdbfa05931071aba28b408e59226186b01eb5e92bea2ab78b65863ca3228d84 \
    --hash=sha256:60a80bb4feacbef5e1447a3f82c33209c8b7e07f28d805cfd1fb951e5cb443aa \
    --hash=sha256:61c2fd96d72b983a9891b2598f286befd4ad262161a609c92dc1652544b46b76 \
    --hash=sha256:63d141b56ef686f7f0d714cfb8de4e320475b86bf4b620aa0b7da89af8cbdbbb \
    --hash=sha256:6c4d8458b97a35717b62469a4ea0e85abd5ed8687277f5ccfc67f8a5126f8c53 \
    --hash=sha256:710246ba0616e86891b58ab95f2495143bb2bc83ab6b06747c74216f583a6ac9 \
    --hash=sha256:734be7551687c00fbd760dc0522ed974f82ad230d4a10f54bf51b80d44a08702 \
    --hash=sha256:7cadd7e9a44ec13b621aec60f9150e744cfc7a3dd32924a7e2f45edff31823b0 \
    --hash=sha256:81526c4afd31971f8b62671442a4b2b51e0aa9acc3819c9f0f12a28b6fcf85f1 \
    --hash=sha256:970762605cff1ca0d3f71ed4f3a769ea8f85fc8e6348f6e110b8fea7e6eb5a14 \
    --hash=sha256:a3096110bf9eac0070b7208465f2740e2d8a670d5cb6530b5bb884eca495fd39 \
    --hash=sha256:a4785e1d6547d8427c5208b748ae2efb64659a21bd82bf440d4262d02bfa02a4 \
    --hash=sha256:a727a73cbdba2f7458dc82449e2315899d5140b449015d822f515749a46cbbe0 \
    --hash=sha256:ae37e833ff4fed0ba352f6bdd8b73ba3ab3256a85e54edfd1ab51ae40cca0af8 \
    --hash=sha256:aff4e6f4d722e0652707d7bcb190c445fe58428500c6d16005b02401764b1b3d \
    --hash=sha256:b35d14bb5d8285d9494fe93815a9e9307c0876e10f1e8e89ac5b88f728ec8dcf \
    --hash=sha256:b444dc64c079e84df91baa8bf613d58405645461cabca929d9178f2cd392398d \
    --hash=sha256:b5329e26898896f06035241a626d7c335daa479b9bbc82be7c2742d048e41172 \
    --hash=sha256:b5918ba197c951dec132b0c5929a00c0bf05d5942f590d3c10a807f6e15a57d3 \
    --hash=sha256:b75c347eff42497452116ce05ef461822d97ce5b9ff8df6edacb8076092c855d \
    --hash=sha256:c3b723df9087a9a9a840e263ebd9f88b64a12075d1bf2ea401a5a42f254f084d \
    --hash=sha256:c934008c733b8bbea273ea308b73b3156f0181e5b72960790b09c18a2794fe1e \
    --hash=sha256:d1478075142e83a5571782ad007fb201ed074bdeac7ebcc8890c71442e96adf7 \
    --hash=sha256:d606a041c89c0a474a4702d532ab7e73a14fe35c8d427b972a625c8e46373668 \
    --hash=sha256:db0dbfd2a6cdf3770aa60464d50333d8f3d9165b2f2671bcc299b72de5a6677b \
    --hash=sha256:dbbd4aa20ca51e63b53bbde6a0fa4254b1aaabb74d2f542df7a7959feb1d760c \
    --hash=sha256:dbc20dea3b9e27d0e66d74c42b2d0c1bed9c2ffe92adea33633e3bedeb5ac235 \
    --hash=sha256:deeca1b5a931fdf0c2212c8a659ade6d3b1edc21f0914ce71ef24456ca7a6535 \
    --hash=sha256:ed72cb3f45190874eb579c64fa92d9df74e98fd63e2be7f62bce5ace0ade61df \
    --hash=sha256:ef8b27695c3d3dc78403c9a7d5e59a62d5464a7e1123b4e0042763f7104dc74f \
    --hash=sha256:f12b1a9e332c01e09510586f8ca9b108fd631fd656af82e452d7315ef6df5f9f \
    --hash=sha256:f4753e73e34c8d83221ba58f232433fca2748be8b18dbca02d242ed153945043 \
    --hash=sha256:f8d68083e49e16b84734eb1a4dcae4259a75c90fb6e2251ab9a00b61120c06ab
    # via nyc-taxi-pipeline
pyarrow==17.0.0 \
    --hash=sha256:0071ce35788c6f9077ff9ecba4858108eebe2ea5a3f7cf2cf55ebc1dbc6ee24a \
    --hash=sha256:0b72e87fe3e1db343995562f7fff8aee354b55ee83d13afba65400c178ab2597 \
    --hash=sha256:1c8856e2ef09eb87ecf937104aacfa0708f22dfeb039c363ec99735190ffb977 \
    --hash=sha256:2e19f569567efcbbd42084e87f948778eb371d308e137a0f97afe19bb860ccb3 \
    --hash=sha256:392bc9feabc647338e6c89267635e111d71edad5fcffba204425a7c8d13610d7 \
    --hash=sha256:4beca9521ed2c0921c1023e68d097d0299b62c362639ea315572a58f3f50fd28 \
    --hash=sha256:6b244dc8e08a23b3e352899a006a26ae7b4d0da7bb636872fa8f5884e70acf15 \
    --hash=sha256:757074882f844411fcca735e39aae74248a1531367a7c80799b4266390ae51cc \
    --hash=sha256:9b8a823cea605221e61f34859dcc03207e52e409ccf6354634143e23af7c8d22 \
    --hash=sha256:9ba11c4f16976e89146781a83833df7f82077cdab7dc6232c897789343f7891a \
    --hash=sha256:a27532c38f3de9eb3e90ecab63dfda948a8ca859a66e3a47f5f42d1e403c4d03 \
    --hash=sha256:b0c6ac301093b42d34410b187bba560b17c0330f64907bfa4f7f7f2444b0cf9b \
    --hash=sha256:dc5c31c37409dfbc5d014047817cb4ccd8c1ea25d19576acf1a001fe07f5b420 \
    --hash=sha256:e3343cb1e88bc2ea605986d4b94948716edc7a8d14afd4e2c097232f729758b4 \
    --hash=sha256:f1e70de6cb5790a50b01d2b686d54aaf73da01266850b05e3af2a1bc89e16053
    # via nyc-taxi-pipeline
python-dateutil==2.9.0.post0 \
    --hash=sha256:37dd54208da7e1cd875388217d5e00ebd4179249f90fb72437e91a35459a0ad3 \
    --hash=sha256:a8b2bc7bffae282281c8140a97d3aa9c14da0b136dfe83f850eea9a5f7470427
    # via
    #   botocore
    #   nyc-taxi-pipeline
    #   pandas
requests==2.33.1 \
    --hash=sha256:18817f8c57c6263968bc123d237e3b8b08ac046f5456bd1e307ee8f4250d3517 \
    --hash=sha256:4e6d1ef462f3626a1f0a0a9c42dd93c63bad33f9f1c1937509b8c5c8718ab56a
    # via nyc-taxi-pipeline
s3transfer==0.16.0 \
    --hash=sha256:18e25d66fed509e3868dc1572b3f427ff947dd2c56f844a5bf09481ad3f3b2fe \
    --hash=sha256:8e990f13268025792229cd52fa10cb7163744bf56e719e0b9cb925ab79abf920
    # via boto3
six==1.17.0 \
    --hash=sha256:4721f391ed90541fddacab5acf947aa0d3dc7d27b2e1e8eda2be8970586c3274 \
    --hash=sha256:ff70335d468e7eb6ec65b95b99d3a2836546063f63acc5171de367e834932a81
    # via python-dateutil
tzdata==2026.1 ; sys_platform == 'emscripten' or sys_platform == 'win32' \
    --hash=sha256:4b1d2be7ac37ceafd7327b961aa3a54e467efbdb563a23655fbfe0d39cfc42a9 \
    --hash=sha256:67658a1903c75917309e753fdc349ac0efd8c27db7a0cb406a25be4840f87f98
    # via pandas
urllib3==2.6.3 \
    --hash=sha256:1b62b6884944a57dbe321509ab94fd4d3b307075e0c2eae991ac71ee15ad38ed \
    --hash=sha256:bf272323e553dfb2e87d9bfd225ca7b0f467b919d7bbd355436d3fd37cb0acd4
    # via
    #   botocore
    #   requests
